
Microsoft Visual Studio Solution File, Format Version 12.00
# Visual Studio 15
VisualStudioVersion = 15.0.27703.2018
MinimumVisualStudioVersion = 10.0.40219.1
Project("{FAE04EC0-301F-11D3-BF4B-00C04F79EFBC}") = "EscolhaRestaurante", "EscolhaRestaurante\EscolhaRestaurante.csproj", "{3D9B70DA-3B05-4203-AF71-EAC0CB249703}"
EndProject
Project("{FAE04EC0-301F-11D3-BF4B-00C04F79EFBC}") = "EscolhaRestauranteCore", "EscolhaRestauranteCore\EscolhaRestauranteCore.csproj", "{14194578-3E06-4D54-B1C3-DBEE362A8881}"
EndProject
Global
	GlobalSection(SolutionConfigurationPlatforms) = preSolution
		Debug|Any CPU = Debug|Any CPU
		Debug|ARM = Debug|ARM
		Debug|x64 = Debug|x64
		Debug|x86 = Debug|x86
		Release|Any CPU = Release|Any CPU
		Release|ARM = Release|ARM
		Release|x64 = Release|x64
		Release|x86 = Release|x86
	EndGlobalSection
	GlobalSection(ProjectConfigurationPlatforms) = postSolution
		{3D9B70DA-3B05-4203-AF71-EAC0CB249703}.Debug|Any CPU.ActiveCfg = Debug|Any CPU
		{3D9B70DA-3B05-4203-AF71-EAC0CB249703}.Debug|Any CPU.Build.0 = Debug|Any CPU
		{3D9B70DA-3B05-4203-AF71-EAC0CB249703}.Debug|ARM.ActiveCfg = Debug|Any CPU
		{3D9B70DA-3B05-4203-AF71-EAC0CB249703}.Debug|ARM.Build.0 = Debug|Any CPU
		{3D9B70DA-3B05-4203-AF71-EAC0CB249703}.Debug|x64.ActiveCfg = Debug|Any CPU
		{3D9B70DA-3B05-4203-AF71-EAC0CB249703}.Debug|x64.Build.0 = Debug|Any CPU
		{3D9B70DA-3B05-4203-AF71-EAC0CB249703}.Debug|x86.ActiveCfg = Debug|Any CPU
		{3D9B70DA-3B05-4203-AF71-EAC0CB249703}.Debug|x86.Build.0 = Debug|Any CPU
		{3D9B70DA-3B05-4203-AF71-EAC0CB249703}.Release|Any CPU.ActiveCfg = Release|Any CPU
		{3D9B70DA-3B05-4203-AF71-EAC0CB249703}.Release|Any CPU.Build.0 = Release|Any CPU
		{3D9B70DA-3B05-4203-AF71-EAC0CB249703}.Release|ARM.ActiveCfg = Release|Any CPU
		{3D9B70DA-3B05-4203-AF71-EAC0CB249703}.Release|ARM.Build.0 = Release|Any CPU
		{3D9B70DA-3B05-4203-AF71-EAC0CB249703}.Release|x64.ActiveCfg = Release|Any CPU
		{3D9B70DA-3B05-4203-AF71-EAC0CB249703}.Release|x64.Build.0 = Release|Any CPU
		{3D9B70DA-3B05-4203-AF71-EAC0CB249703}.Release|x86.ActiveCfg = Release|Any CPU
		{3D9B70DA-3B05-4203-AF71-EAC0CB249703}.Release|x86.Build.0 = Release|Any CPU
		{14194578-3E06-4D54-B1C3-DBEE362A8881}.Debug|Any CPU.ActiveCfg = Debug|Any CPU
		{14194578-3E06-4D54-B1C3-DBEE362A8881}.Debug|Any CPU.Build.0 = Debug|Any CPU
		{14194578-3E06-4D54-B1C3-DBEE362A8881}.Debug|ARM.ActiveCfg = Debug|Any CPU
		{14194578-3E06-4D54-B1C3-DBEE362A8881}.Debug|ARM.Build.0 = Debug|Any CPU
		{14194578-3E06-4D54-B1C3-DBEE362A8881}.Debug|x64.ActiveCfg = Debug|Any CPU
		{14194578-3E06-4D54-B1C3-DBEE362A8881}.Debug|x64.Build.0 = Debug|Any CPU
		{14194578-3E06-4D54-B1C3-DBEE362A8881}.Debug|x86.ActiveCfg = Debug|Any CPU
		{14194578-3E06-4D54-B1C3-DBEE362A8881}.Debug|x86.Build.0 = Debug|Any CPU
		{14194578-3E06-4D54-B1C3-DBEE362A8881}.Release|Any CPU.ActiveCfg = Release|Any CPU
		{14194578-3E06-4D54-B1C3-DBEE362A8881}.Release|Any CPU.Build.0 = Release|Any CPU
		{14194578-3E06-4D54-B1C3-DBEE362A8881}.Release|ARM.ActiveCfg = Release|Any CPU
		{14194578-3E06-4D54-B1C3-DBEE362A8881}.Release|ARM.Build.0 = Release|Any CPU
		{14194578-3E06-4D54-B1C3-DBEE362A8881}.Release|x64.ActiveCfg = Release|Any CPU
		{14194578-3E06-4D54-B1C3-DBEE362A8881}.Release|x64.Build.0 = Release|Any CPU
		{14194578-3E06-4D54-B1C3-DBEE362A8881}.Release|x86.ActiveCfg = Release|Any CPU
		{14194578-3E06-4D54-B1C3-DBEE362A8881}.Release|x86.Build.0 = Release|Any CPU
	EndGlobalSection
	GlobalSection(SolutionProperties) = preSolution
		HideSolutionNode = FALSE
	EndGlobalSection
	GlobalSection(ExtensibilityGlobals) = postSolution
		SolutionGuid = {0DE0855B-A9DF-44EB-82D5-F242363E8A8A}
	EndGlobalSection
EndGlobal
